// !$*UTF8*$!
{
	archiveVersion = 1;
	classes = {
	};
	objectVersion = 46;
	objects = {

/* Begin PBXFileReference section */
		1A6AF83B15B6269400860DDF /* Fins.scad */ = {isa = PBXFileReference; lastKnownFileType = text; path = Fins.scad; sourceTree = "<group>"; xcLanguageSpecificationIdentifier = xcode.lang.c; };
		1A6AF83C15B6269E00860DDF /* NoseCone.scad */ = {isa = PBXFileReference; lastKnownFileType = text; path = NoseCone.scad; sourceTree = "<group>"; xcLanguageSpecificationIdentifier = xcode.lang.c; };
		1A6AF83D15B6269E00860DDF /* Rocket.scad */ = {isa = PBXFileReference; lastKnownFileType = text; path = Rocket.scad; sourceTree = "<group>"; xcLanguageSpecificationIdentifier = xcode.lang.c; };
		1A6AF83F15B6269E00860DDF /* Streamline Nose cone.svg */ = {isa = PBXFileReference; lastKnownFileType = text.xml; path = "Streamline Nose cone.svg"; sourceTree = "<group>"; };
		1A6AF84015B6269E00860DDF /* Variables.scad */ = {isa = PBXFileReference; lastKnownFileType = text; path = Variables.scad; sourceTree = "<group>"; xcLanguageSpecificationIdentifier = xcode.lang.c; };
		1A6AF84315B627F800860DDF /* README */ = {isa = PBXFileReference; lastKnownFileType = text; path = README; sourceTree = "<group>"; };
		1A6AF84515B62FA300860DDF /* Fins.svg */ = {isa = PBXFileReference; lastKnownFileType = text.xml; path = Fins.svg; sourceTree = "<group>"; };
/* End PBXFileReference section */

/* Begin PBXGroup section */
		1A6AF83215B6268A00860DDF = {
			isa = PBXGroup;
			children = (
				1A6AF84115B626B500860DDF /* OpenSCAD */,
				1A6AF84215B626BF00860DDF /* Resources */,
			);
			sourceTree = "<group>";
		};
		1A6AF84115B626B500860DDF /* OpenSCAD */ = {
			isa = PBXGroup;
			children = (
				1A6AF84015B6269E00860DDF /* Variables.scad */,
				1A6AF83D15B6269E00860DDF /* Rocket.scad */,
				1A6AF83C15B6269E00860DDF /* NoseCone.scad */,
				1A6AF83B15B6269400860DDF /* Fins.scad */,
				1A6AF84315B627F800860DDF /* README */,
			);
			name = OpenSCAD;
			sourceTree = "<group>";
		};
		1A6AF84215B626BF00860DDF /* Resources */ = {
			isa = PBXGroup;
			children = (
				1A6AF83F15B6269E00860DDF /* Streamline Nose cone.svg */,
				1A6AF84515B62FA300860DDF /* Fins.svg */,
			);
			name = Resources;
			sourceTree = "<group>";
		};
/* End PBXGroup section */

/* Begin PBXProject section */
		1A6AF83415B6268A00860DDF /* Project object */ = {
			isa = PBXProject;
			attributes = {
				LastUpgradeCheck = 0430;
				ORGANIZATIONNAME = "Pencil Busters, Inc";
			};
			buildConfigurationList = 1A6AF83715B6268A00860DDF /* Build configuration list for PBXProject "RocketTo3D" */;
			compatibilityVersion = "Xcode 3.2";
			developmentRegion = English;
			hasScannedForEncodings = 0;
			knownRegions = (
				en,
			);
			mainGroup = 1A6AF83215B6268A00860DDF;
			projectDirPath = "";
			projectRoot = "";
			targets = (
			);
		};
/* End PBXProject section */

/* Begin XCBuildConfiguration section */
		1A6AF83915B6268A00860DDF /* Debug */ = {
			isa = XCBuildConfiguration;
			buildSettings = {
			};
			name = Debug;
		};
		1A6AF83A15B6268A00860DDF /* Release */ = {
			isa = XCBuildConfiguration;
			buildSettings = {
			};
			name = Release;
		};
/* End XCBuildConfiguration section */

/* Begin XCConfigurationList section */
		1A6AF83715B6268A00860DDF /* Build configuration list for PBXProject "RocketTo3D" */ = {
			isa = XCConfigurationList;
			buildConfigurations = (
				1A6AF83915B6268A00860DDF /* Debug */,
				1A6AF83A15B6268A00860DDF /* Release */,
			);
			defaultConfigurationIsVisible = 0;
			defaultConfigurationName = Release;
		};
/* End XCConfigurationList section */
	};
	rootObject = 1A6AF83415B6268A00860DDF /* Project object */;
}
