// !$*UTF8*$!
{
	archiveVersion = 1;
	classes = {
	};
	objectVersion = 46;
	objects = {

/* Begin PBXGroup section */
		1A6AF83215B6268A00860DDF = {
			isa = PBXGroup;
			children = (
			);
			sourceTree = "<group>";
		};
/* End PBXGroup section */

/* Begin PBXProject section */
		1A6AF83415B6268A00860DDF /* Project object */ = {
			isa = PBXProject;
			attributes = {
				LastUpgradeCheck = 0430;
				ORGANIZATIONNAME = "Pencil Busters, Inc";
			};
			buildConfigurationList = 1A6AF83715B6268A00860DDF /* Build configuration list for PBXProject "RocketTo3D" */;
			compatibilityVersion = "Xcode 3.2";
			developmentRegion = English;
			hasScannedForEncodings = 0;
			knownRegions = (
				en,
			);
			mainGroup = 1A6AF83215B6268A00860DDF;
			projectDirPath = "";
			projectRoot = "";
			targets = (
			);
		};
/* End PBXProject section */

/* Begin XCBuildConfiguration section */
		1A6AF83915B6268A00860DDF /* Debug */ = {
			isa = XCBuildConfiguration;
			buildSettings = {
			};
			name = Debug;
		};
		1A6AF83A15B6268A00860DDF /* Release */ = {
			isa = XCBuildConfiguration;
			buildSettings = {
			};
			name = Release;
		};
/* End XCBuildConfiguration section */

/* Begin XCConfigurationList section */
		1A6AF83715B6268A00860DDF /* Build configuration list for PBXProject "RocketTo3D" */ = {
			isa = XCConfigurationList;
			buildConfigurations = (
				1A6AF83915B6268A00860DDF /* Debug */,
				1A6AF83A15B6268A00860DDF /* Release */,
			);
			defaultConfigurationIsVisible = 0;
			defaultConfigurationName = Release;
		};
/* End XCConfigurationList section */
	};
	rootObject = 1A6AF83415B6268A00860DDF /* Project object */;
}
